
Microsoft Visual Studio Solution File, Format Version 12.00
# Visual Studio 2013
VisualStudioVersion = 12.0.40629.0
MinimumVisualStudioVersion = 10.0.40219.1
Project("{FAE04EC0-301F-11D3-BF4B-00C04F79EFBC}") = "UniProjectForms", "UniProjectForms\UniProjectForms.csproj", "{30C2B83C-63E7-4AFA-B0AC-BFC5ED13A922}"
EndProject
Project("{FAE04EC0-301F-11D3-BF4B-00C04F79EFBC}") = "DataLibrary", "DataLibrary\DataLibrary.csproj", "{12343893-6DCF-4B1A-B6FE-F64327BE0BAF}"
EndProject
Project("{00D1A9C2-B5F0-4AF3-8072-F6C62B433612}") = "ProjectDB", "ProjectDB\ProjectDB.sqlproj", "{2C5891FF-DD32-4747-BFD9-1A3081DA2536}"
EndProject
Global
	GlobalSection(SolutionConfigurationPlatforms) = preSolution
		Debug|Any CPU = Debug|Any CPU
		Release|Any CPU = Release|Any CPU
	EndGlobalSection
	GlobalSection(ProjectConfigurationPlatforms) = postSolution
		{30C2B83C-63E7-4AFA-B0AC-BFC5ED13A922}.Debug|Any CPU.ActiveCfg = Debug|Any CPU
		{30C2B83C-63E7-4AFA-B0AC-BFC5ED13A922}.Debug|Any CPU.Build.0 = Debug|Any CPU
		{30C2B83C-63E7-4AFA-B0AC-BFC5ED13A922}.Release|Any CPU.ActiveCfg = Release|Any CPU
		{30C2B83C-63E7-4AFA-B0AC-BFC5ED13A922}.Release|Any CPU.Build.0 = Release|Any CPU
		{12343893-6DCF-4B1A-B6FE-F64327BE0BAF}.Debug|Any CPU.ActiveCfg = Debug|Any CPU
		{12343893-6DCF-4B1A-B6FE-F64327BE0BAF}.Debug|Any CPU.Build.0 = Debug|Any CPU
		{12343893-6DCF-4B1A-B6FE-F64327BE0BAF}.Release|Any CPU.ActiveCfg = Release|Any CPU
		{12343893-6DCF-4B1A-B6FE-F64327BE0BAF}.Release|Any CPU.Build.0 = Release|Any CPU
		{2C5891FF-DD32-4747-BFD9-1A3081DA2536}.Debug|Any CPU.ActiveCfg = Debug|Any CPU
		{2C5891FF-DD32-4747-BFD9-1A3081DA2536}.Debug|Any CPU.Build.0 = Debug|Any CPU
		{2C5891FF-DD32-4747-BFD9-1A3081DA2536}.Debug|Any CPU.Deploy.0 = Debug|Any CPU
		{2C5891FF-DD32-4747-BFD9-1A3081DA2536}.Release|Any CPU.ActiveCfg = Release|Any CPU
		{2C5891FF-DD32-4747-BFD9-1A3081DA2536}.Release|Any CPU.Build.0 = Release|Any CPU
		{2C5891FF-DD32-4747-BFD9-1A3081DA2536}.Release|Any CPU.Deploy.0 = Release|Any CPU
	EndGlobalSection
	GlobalSection(SolutionProperties) = preSolution
		HideSolutionNode = FALSE
	EndGlobalSection
EndGlobal
